
Microsoft Visual Studio Solution File, Format Version 12.00
# Visual Studio Version 17
VisualStudioVersion = 17.5.33627.172
MinimumVisualStudioVersion = 10.0.40219.1
Project("{2150E333-8FDC-42A3-9474-1A3956D46DE8}") = "Api", "Api", "{525DBE0F-7101-475B-B191-3337381FF763}"
EndProject
Project("{9A19103F-16F7-4668-BE54-9A1E7A4F7556}") = "TaHooK.Api.App", "TaHooK.Api.App\TaHooK.Api.App.csproj", "{C8476194-1E02-4DD8-893A-9D4F60D86637}"
EndProject
Project("{2150E333-8FDC-42A3-9474-1A3956D46DE8}") = "DAL", "DAL", "{15787656-B3D3-46A3-9B3A-55C610D33155}"
EndProject
Project("{2150E333-8FDC-42A3-9474-1A3956D46DE8}") = "BL", "BL", "{22AA6BE6-9F0F-40EE-B680-D71E2FC23C6E}"
EndProject
Project("{9A19103F-16F7-4668-BE54-9A1E7A4F7556}") = "TaHooK.Api.DAL", "TaHooK.Api.DAL\TaHooK.Api.DAL.csproj", "{CA79FE12-C5D2-4F4B-AD4D-1FA74B81F765}"
EndProject
Project("{9A19103F-16F7-4668-BE54-9A1E7A4F7556}") = "TaHooK.Api.BL", "TaHooK.Api.BL\TaHooK.Api.BL.csproj", "{01AE0F22-E517-4A15-AF7A-F2A9C477DBC2}"
EndProject
Project("{2150E333-8FDC-42A3-9474-1A3956D46DE8}") = "Common", "Common", "{B575C381-B1A5-4814-9718-71ED6A50996E}"
EndProject
Project("{9A19103F-16F7-4668-BE54-9A1E7A4F7556}") = "TaHooK.Common", "TaHooK.Common\TaHooK.Common.csproj", "{FC41E294-DA46-457B-AC77-255264138526}"
EndProject
Project("{9A19103F-16F7-4668-BE54-9A1E7A4F7556}") = "TaHooK.Common.BL", "TaHooK.Common.BL\TaHooK.Common.BL.csproj", "{50411864-8544-4057-A42A-2907C6ECCC5F}"
EndProject
Project("{9A19103F-16F7-4668-BE54-9A1E7A4F7556}") = "TaHooK.Common.Models", "TaHooK.Common.Models\TaHooK.Common.Models.csproj", "{8A07229B-30DB-4AB0-A278-58F010B6D11F}"
EndProject
Project("{2150E333-8FDC-42A3-9474-1A3956D46DE8}") = "Tests", "Tests", "{64776641-32F9-43D7-9306-F4FC6D2D6248}"
EndProject
Project("{FAE04EC0-301F-11D3-BF4B-00C04F79EFBC}") = "TaHooK.Api.DAL.Tests", "TaHooK.Api.DAL.Tests\TaHooK.Api.DAL.Tests.csproj", "{431CA36F-6D6C-47A3-9233-5FD0F1CCF08B}"
EndProject
Project("{FAE04EC0-301F-11D3-BF4B-00C04F79EFBC}") = "TaHooK.Api.Common.Tests", "TaHooK.Api.Common.Tests\TaHooK.Api.Common.Tests.csproj", "{55A59382-771C-4602-A722-C937FF96DB3C}"
EndProject
Project("{FAE04EC0-301F-11D3-BF4B-00C04F79EFBC}") = "TaHooK.Api.App.EndToEndTests", "TaHooK.Api.App.EndToEndTests\TaHooK.Api.App.EndToEndTests.csproj", "{68E73E72-9AED-426D-BFD5-2C1518BDF969}"
EndProject
Global
	GlobalSection(SolutionConfigurationPlatforms) = preSolution
		Debug|Any CPU = Debug|Any CPU
		Release|Any CPU = Release|Any CPU
	EndGlobalSection
	GlobalSection(ProjectConfigurationPlatforms) = postSolution
		{C8476194-1E02-4DD8-893A-9D4F60D86637}.Debug|Any CPU.ActiveCfg = Debug|Any CPU
		{C8476194-1E02-4DD8-893A-9D4F60D86637}.Debug|Any CPU.Build.0 = Debug|Any CPU
		{C8476194-1E02-4DD8-893A-9D4F60D86637}.Release|Any CPU.ActiveCfg = Release|Any CPU
		{C8476194-1E02-4DD8-893A-9D4F60D86637}.Release|Any CPU.Build.0 = Release|Any CPU
		{CA79FE12-C5D2-4F4B-AD4D-1FA74B81F765}.Debug|Any CPU.ActiveCfg = Debug|Any CPU
		{CA79FE12-C5D2-4F4B-AD4D-1FA74B81F765}.Debug|Any CPU.Build.0 = Debug|Any CPU
		{CA79FE12-C5D2-4F4B-AD4D-1FA74B81F765}.Release|Any CPU.ActiveCfg = Release|Any CPU
		{CA79FE12-C5D2-4F4B-AD4D-1FA74B81F765}.Release|Any CPU.Build.0 = Release|Any CPU
		{01AE0F22-E517-4A15-AF7A-F2A9C477DBC2}.Debug|Any CPU.ActiveCfg = Debug|Any CPU
		{01AE0F22-E517-4A15-AF7A-F2A9C477DBC2}.Debug|Any CPU.Build.0 = Debug|Any CPU
		{01AE0F22-E517-4A15-AF7A-F2A9C477DBC2}.Release|Any CPU.ActiveCfg = Release|Any CPU
		{01AE0F22-E517-4A15-AF7A-F2A9C477DBC2}.Release|Any CPU.Build.0 = Release|Any CPU
		{FC41E294-DA46-457B-AC77-255264138526}.Debug|Any CPU.ActiveCfg = Debug|Any CPU
		{FC41E294-DA46-457B-AC77-255264138526}.Debug|Any CPU.Build.0 = Debug|Any CPU
		{FC41E294-DA46-457B-AC77-255264138526}.Release|Any CPU.ActiveCfg = Release|Any CPU
		{FC41E294-DA46-457B-AC77-255264138526}.Release|Any CPU.Build.0 = Release|Any CPU
		{50411864-8544-4057-A42A-2907C6ECCC5F}.Debug|Any CPU.ActiveCfg = Debug|Any CPU
		{50411864-8544-4057-A42A-2907C6ECCC5F}.Debug|Any CPU.Build.0 = Debug|Any CPU
		{50411864-8544-4057-A42A-2907C6ECCC5F}.Release|Any CPU.ActiveCfg = Release|Any CPU
		{50411864-8544-4057-A42A-2907C6ECCC5F}.Release|Any CPU.Build.0 = Release|Any CPU
		{8A07229B-30DB-4AB0-A278-58F010B6D11F}.Debug|Any CPU.ActiveCfg = Debug|Any CPU
		{8A07229B-30DB-4AB0-A278-58F010B6D11F}.Debug|Any CPU.Build.0 = Debug|Any CPU
		{8A07229B-30DB-4AB0-A278-58F010B6D11F}.Release|Any CPU.ActiveCfg = Release|Any CPU
		{8A07229B-30DB-4AB0-A278-58F010B6D11F}.Release|Any CPU.Build.0 = Release|Any CPU
		{431CA36F-6D6C-47A3-9233-5FD0F1CCF08B}.Debug|Any CPU.ActiveCfg = Debug|Any CPU
		{431CA36F-6D6C-47A3-9233-5FD0F1CCF08B}.Debug|Any CPU.Build.0 = Debug|Any CPU
		{431CA36F-6D6C-47A3-9233-5FD0F1CCF08B}.Release|Any CPU.ActiveCfg = Release|Any CPU
		{431CA36F-6D6C-47A3-9233-5FD0F1CCF08B}.Release|Any CPU.Build.0 = Release|Any CPU
		{55A59382-771C-4602-A722-C937FF96DB3C}.Debug|Any CPU.ActiveCfg = Debug|Any CPU
		{55A59382-771C-4602-A722-C937FF96DB3C}.Debug|Any CPU.Build.0 = Debug|Any CPU
		{55A59382-771C-4602-A722-C937FF96DB3C}.Release|Any CPU.ActiveCfg = Release|Any CPU
		{55A59382-771C-4602-A722-C937FF96DB3C}.Release|Any CPU.Build.0 = Release|Any CPU
		{68E73E72-9AED-426D-BFD5-2C1518BDF969}.Debug|Any CPU.ActiveCfg = Debug|Any CPU
		{68E73E72-9AED-426D-BFD5-2C1518BDF969}.Debug|Any CPU.Build.0 = Debug|Any CPU
		{68E73E72-9AED-426D-BFD5-2C1518BDF969}.Release|Any CPU.ActiveCfg = Release|Any CPU
		{68E73E72-9AED-426D-BFD5-2C1518BDF969}.Release|Any CPU.Build.0 = Release|Any CPU
	EndGlobalSection
	GlobalSection(SolutionProperties) = preSolution
		HideSolutionNode = FALSE
	EndGlobalSection
	GlobalSection(NestedProjects) = preSolution
		{C8476194-1E02-4DD8-893A-9D4F60D86637} = {525DBE0F-7101-475B-B191-3337381FF763}
		{15787656-B3D3-46A3-9B3A-55C610D33155} = {525DBE0F-7101-475B-B191-3337381FF763}
		{22AA6BE6-9F0F-40EE-B680-D71E2FC23C6E} = {525DBE0F-7101-475B-B191-3337381FF763}
		{CA79FE12-C5D2-4F4B-AD4D-1FA74B81F765} = {15787656-B3D3-46A3-9B3A-55C610D33155}
		{01AE0F22-E517-4A15-AF7A-F2A9C477DBC2} = {22AA6BE6-9F0F-40EE-B680-D71E2FC23C6E}
		{FC41E294-DA46-457B-AC77-255264138526} = {B575C381-B1A5-4814-9718-71ED6A50996E}
		{50411864-8544-4057-A42A-2907C6ECCC5F} = {B575C381-B1A5-4814-9718-71ED6A50996E}
		{8A07229B-30DB-4AB0-A278-58F010B6D11F} = {B575C381-B1A5-4814-9718-71ED6A50996E}
		{64776641-32F9-43D7-9306-F4FC6D2D6248} = {525DBE0F-7101-475B-B191-3337381FF763}
		{431CA36F-6D6C-47A3-9233-5FD0F1CCF08B} = {64776641-32F9-43D7-9306-F4FC6D2D6248}
		{55A59382-771C-4602-A722-C937FF96DB3C} = {64776641-32F9-43D7-9306-F4FC6D2D6248}
		{68E73E72-9AED-426D-BFD5-2C1518BDF969} = {64776641-32F9-43D7-9306-F4FC6D2D6248}
	EndGlobalSection
	GlobalSection(ExtensibilityGlobals) = postSolution
		SolutionGuid = {03ABE9E1-691F-4711-87BE-23601578DEA0}
	EndGlobalSection
EndGlobal
